
Microsoft Visual Studio Solution File, Format Version 12.00
# Visual Studio Version 16
VisualStudioVersion = 16.0.29920.165
MinimumVisualStudioVersion = 10.0.40219.1
Project("{FAE04EC0-301F-11D3-BF4B-00C04F79EFBC}") = "calculater-ui", "calculater-ui\calculater-ui.csproj", "{69948B5F-DD07-4340-BB9C-49800D80A7AD}"
EndProject
Global
	GlobalSection(SolutionConfigurationPlatforms) = preSolution
		Debug|Any CPU = Debug|Any CPU
		Release|Any CPU = Release|Any CPU
	EndGlobalSection
	GlobalSection(ProjectConfigurationPlatforms) = postSolution
		{69948B5F-DD07-4340-BB9C-49800D80A7AD}.Debug|Any CPU.ActiveCfg = Debug|Any CPU
		{69948B5F-DD07-4340-BB9C-49800D80A7AD}.Debug|Any CPU.Build.0 = Debug|Any CPU
		{69948B5F-DD07-4340-BB9C-49800D80A7AD}.Release|Any CPU.ActiveCfg = Release|Any CPU
		{69948B5F-DD07-4340-BB9C-49800D80A7AD}.Release|Any CPU.Build.0 = Release|Any CPU
	EndGlobalSection
	GlobalSection(SolutionProperties) = preSolution
		HideSolutionNode = FALSE
	EndGlobalSection
	GlobalSection(ExtensibilityGlobals) = postSolution
		SolutionGuid = {85EAF602-D4DF-449A-B9EE-CD7B080AAE04}
	EndGlobalSection
EndGlobal
