
Microsoft Visual Studio Solution File, Format Version 12.00
# Visual Studio Version 16
VisualStudioVersion = 16.0.29920.165
MinimumVisualStudioVersion = 10.0.40219.1
Project("{FAE04EC0-301F-11D3-BF4B-00C04F79EFBC}") = "GenericityTest", "GenericityTest\GenericityTest.csproj", "{72F6AAB6-6870-4E6A-8EC5-BB1EE8002C7B}"
EndProject
Global
	GlobalSection(SolutionConfigurationPlatforms) = preSolution
		Debug|Any CPU = Debug|Any CPU
		Release|Any CPU = Release|Any CPU
	EndGlobalSection
	GlobalSection(ProjectConfigurationPlatforms) = postSolution
		{72F6AAB6-6870-4E6A-8EC5-BB1EE8002C7B}.Debug|Any CPU.ActiveCfg = Debug|Any CPU
		{72F6AAB6-6870-4E6A-8EC5-BB1EE8002C7B}.Debug|Any CPU.Build.0 = Debug|Any CPU
		{72F6AAB6-6870-4E6A-8EC5-BB1EE8002C7B}.Release|Any CPU.ActiveCfg = Release|Any CPU
		{72F6AAB6-6870-4E6A-8EC5-BB1EE8002C7B}.Release|Any CPU.Build.0 = Release|Any CPU
	EndGlobalSection
	GlobalSection(SolutionProperties) = preSolution
		HideSolutionNode = FALSE
	EndGlobalSection
	GlobalSection(ExtensibilityGlobals) = postSolution
		SolutionGuid = {30D4113C-5BD6-4FE3-9620-B805D46B9091}
	EndGlobalSection
EndGlobal
